
Microsoft Visual Studio Solution File, Format Version 12.00
# Visual Studio Version 16
VisualStudioVersion = 16.0.29609.76
MinimumVisualStudioVersion = 10.0.40219.1
Project("{FAE04EC0-301F-11D3-BF4B-00C04F79EFBC}") = "Veteriner", "Veteriner\Veteriner.csproj", "{1F62C4A4-B9FE-4AE5-8669-D70E79666465}"
EndProject
Global
	GlobalSection(SolutionConfigurationPlatforms) = preSolution
		Debug|Any CPU = Debug|Any CPU
		Release|Any CPU = Release|Any CPU
	EndGlobalSection
	GlobalSection(ProjectConfigurationPlatforms) = postSolution
		{1F62C4A4-B9FE-4AE5-8669-D70E79666465}.Debug|Any CPU.ActiveCfg = Debug|Any CPU
		{1F62C4A4-B9FE-4AE5-8669-D70E79666465}.Debug|Any CPU.Build.0 = Debug|Any CPU
		{1F62C4A4-B9FE-4AE5-8669-D70E79666465}.Release|Any CPU.ActiveCfg = Release|Any CPU
		{1F62C4A4-B9FE-4AE5-8669-D70E79666465}.Release|Any CPU.Build.0 = Release|Any CPU
	EndGlobalSection
	GlobalSection(SolutionProperties) = preSolution
		HideSolutionNode = FALSE
	EndGlobalSection
	GlobalSection(ExtensibilityGlobals) = postSolution
		SolutionGuid = {63F40FD0-6643-4FCB-BCD8-99616C0BB765}
	EndGlobalSection
EndGlobal
